
Microsoft Visual Studio Solution File, Format Version 12.00
# Visual Studio Version 17
VisualStudioVersion = 17.2.32630.192
MinimumVisualStudioVersion = 10.0.40219.1
Project("{9A19103F-16F7-4668-BE54-9A1E7A4F7556}") = "AspNetMvcApplication", "AspNetMvcApplication\AspNetMvcApplication.csproj", "{095F2045-CFD3-4E00-AE8A-0210F891214F}"
EndProject
Global
	GlobalSection(SolutionConfigurationPlatforms) = preSolution
		Debug|Any CPU = Debug|Any CPU
		Release|Any CPU = Release|Any CPU
	EndGlobalSection
	GlobalSection(ProjectConfigurationPlatforms) = postSolution
		{095F2045-CFD3-4E00-AE8A-0210F891214F}.Debug|Any CPU.ActiveCfg = Debug|Any CPU
		{095F2045-CFD3-4E00-AE8A-0210F891214F}.Debug|Any CPU.Build.0 = Debug|Any CPU
		{095F2045-CFD3-4E00-AE8A-0210F891214F}.Release|Any CPU.ActiveCfg = Release|Any CPU
		{095F2045-CFD3-4E00-AE8A-0210F891214F}.Release|Any CPU.Build.0 = Release|Any CPU
	EndGlobalSection
	GlobalSection(SolutionProperties) = preSolution
		HideSolutionNode = FALSE
	EndGlobalSection
	GlobalSection(ExtensibilityGlobals) = postSolution
		SolutionGuid = {F97A02DF-F8EB-416D-B5BE-0BC93E157D11}
	EndGlobalSection
EndGlobal
